
Microsoft Visual Studio Solution File, Format Version 12.00
# Visual Studio 15
VisualStudioVersion = 15.0.28010.2003
MinimumVisualStudioVersion = 10.0.40219.1
Project("{8BC9CEB8-8B4A-11D0-8D11-00A0C91BC942}") = "Gamev1", "Gamev1.vcxproj", "{32BEF070-27C9-4299-9F77-3F05B4B1A322}"
EndProject
Global
	GlobalSection(SolutionConfigurationPlatforms) = preSolution
		Debug|x64 = Debug|x64
		Debug|x86 = Debug|x86
		Release|x64 = Release|x64
		Release|x86 = Release|x86
	EndGlobalSection
	GlobalSection(ProjectConfigurationPlatforms) = postSolution
		{32BEF070-27C9-4299-9F77-3F05B4B1A322}.Debug|x64.ActiveCfg = Debug|x64
		{32BEF070-27C9-4299-9F77-3F05B4B1A322}.Debug|x64.Build.0 = Debug|x64
		{32BEF070-27C9-4299-9F77-3F05B4B1A322}.Debug|x86.ActiveCfg = Debug|Win32
		{32BEF070-27C9-4299-9F77-3F05B4B1A322}.Debug|x86.Build.0 = Debug|Win32
		{32BEF070-27C9-4299-9F77-3F05B4B1A322}.Release|x64.ActiveCfg = Release|x64
		{32BEF070-27C9-4299-9F77-3F05B4B1A322}.Release|x64.Build.0 = Release|x64
		{32BEF070-27C9-4299-9F77-3F05B4B1A322}.Release|x86.ActiveCfg = Release|Win32
		{32BEF070-27C9-4299-9F77-3F05B4B1A322}.Release|x86.Build.0 = Release|Win32
	EndGlobalSection
	GlobalSection(SolutionProperties) = preSolution
		HideSolutionNode = FALSE
	EndGlobalSection
	GlobalSection(ExtensibilityGlobals) = postSolution
		SolutionGuid = {27786ABF-0E66-4353-AE6B-5FE834F84FA1}
	EndGlobalSection
EndGlobal
